{
  "name": "react-native-meteor",
  "version": "1.4.0",
  "lockfileVersion": 1,
  "requires": true,
  "dependencies": {
    "@react-native-community/async-storage": {
      "version": "1.6.3",
      "resolved": "https://registry.npmjs.org/@react-native-community/async-storage/-/async-storage-1.6.3.tgz",
      "integrity": "sha512-67K2akX90uc252zKMYJt1wISvaEH6ARtdTI9bUkwmOFXVPyVk1DfPnaRmyUzcVdeCBOO1n0xv9YO2GSppIormQ=="
    },
    "@react-native-community/netinfo": {
      "version": "5.0.0",
      "resolved": "https://registry.npmjs.org/@react-native-community/netinfo/-/netinfo-5.0.0.tgz",
      "integrity": "sha512-MDvQ+jh9P1S8/CvxLyDqWFNc31oL5a2UkVtOyGFslLmxbO3Q4h/xFPM+b2NJ97GvQAsdhL18EpOWVu1AXodeFw=="
    }
  }
}
